// !$*UTF8*$!
{
	archiveVersion = 1;
	classes = {
	};
	objectVersion = 50;
	objects = {

/* Begin PBXBuildFile section */
		BECA1C3C2550952B0019087C /* AppDelegate.swift in Sources */ = {isa = PBXBuildFile; fileRef = BECA1C3B2550952B0019087C /* AppDelegate.swift */; };
		BECA1C3E2550952B0019087C /* SceneDelegate.swift in Sources */ = {isa = PBXBuildFile; fileRef = BECA1C3D2550952B0019087C /* SceneDelegate.swift */; };
		BECA1C402550952B0019087C /* ViewController.swift in Sources */ = {isa = PBXBuildFile; fileRef = BECA1C3F2550952B0019087C /* ViewController.swift */; };
		BECA1C45255095310019087C /* Assets.xcassets in Resources */ = {isa = PBXBuildFile; fileRef = BECA1C44255095310019087C /* Assets.xcassets */; };
		BECA1C48255095310019087C /* LaunchScreen.storyboard in Resources */ = {isa = PBXBuildFile; fileRef = BECA1C46255095310019087C /* LaunchScreen.storyboard */; };
		BECA1C53255095310019087C /* milestone_project_3Tests.swift in Sources */ = {isa = PBXBuildFile; fileRef = BECA1C52255095310019087C /* milestone_project_3Tests.swift */; };
		BECA1C5E255095310019087C /* milestone_project_3UITests.swift in Sources */ = {isa = PBXBuildFile; fileRef = BECA1C5D255095310019087C /* milestone_project_3UITests.swift */; };
		BECA1C6C255096100019087C /* words.txt in Resources */ = {isa = PBXBuildFile; fileRef = BECA1C6B255096100019087C /* words.txt */; };
/* End PBXBuildFile section */

/* Begin PBXContainerItemProxy section */
		BECA1C4F255095310019087C /* PBXContainerItemProxy */ = {
			isa = PBXContainerItemProxy;
			containerPortal = BECA1C302550952B0019087C /* Project object */;
			proxyType = 1;
			remoteGlobalIDString = BECA1C372550952B0019087C;
			remoteInfo = milestone_project_3;
		};
		BECA1C5A255095310019087C /* PBXContainerItemProxy */ = {
			isa = PBXContainerItemProxy;
			containerPortal = BECA1C302550952B0019087C /* Project object */;
			proxyType = 1;
			remoteGlobalIDString = BECA1C372550952B0019087C;
			remoteInfo = milestone_project_3;
		};
/* End PBXContainerItemProxy section */

/* Begin PBXFileReference section */
		BECA1C382550952B0019087C /* milestone_project_3.app */ = {isa = PBXFileReference; explicitFileType = wrapper.application; includeInIndex = 0; path = milestone_project_3.app; sourceTree = BUILT_PRODUCTS_DIR; };
		BECA1C3B2550952B0019087C /* AppDelegate.swift */ = {isa = PBXFileReference; lastKnownFileType = sourcecode.swift; path = AppDelegate.swift; sourceTree = "<group>"; };
		BECA1C3D2550952B0019087C /* SceneDelegate.swift */ = {isa = PBXFileReference; lastKnownFileType = sourcecode.swift; path = SceneDelegate.swift; sourceTree = "<group>"; };
		BECA1C3F2550952B0019087C /* ViewController.swift */ = {isa = PBXFileReference; lastKnownFileType = sourcecode.swift; path = ViewController.swift; sourceTree = "<group>"; };
		BECA1C44255095310019087C /* Assets.xcassets */ = {isa = PBXFileReference; lastKnownFileType = folder.assetcatalog; path = Assets.xcassets; sourceTree = "<group>"; };
		BECA1C47255095310019087C /* Base */ = {isa = PBXFileReference; lastKnownFileType = file.storyboard; name = Base; path = Base.lproj/LaunchScreen.storyboard; sourceTree = "<group>"; };
		BECA1C49255095310019087C /* Info.plist */ = {isa = PBXFileReference; lastKnownFileType = text.plist.xml; path = Info.plist; sourceTree = "<group>"; };
		BECA1C4E255095310019087C /* milestone_project_3Tests.xctest */ = {isa = PBXFileReference; explicitFileType = wrapper.cfbundle; includeInIndex = 0; path = milestone_project_3Tests.xctest; sourceTree = BUILT_PRODUCTS_DIR; };
		BECA1C52255095310019087C /* milestone_project_3Tests.swift */ = {isa = PBXFileReference; lastKnownFileType = sourcecode.swift; path = milestone_project_3Tests.swift; sourceTree = "<group>"; };
		BECA1C54255095310019087C /* Info.plist */ = {isa = PBXFileReference; lastKnownFileType = text.plist.xml; path = Info.plist; sourceTree = "<group>"; };
		BECA1C59255095310019087C /* milestone_project_3UITests.xctest */ = {isa = PBXFileReference; explicitFileType = wrapper.cfbundle; includeInIndex = 0; path = milestone_project_3UITests.xctest; sourceTree = BUILT_PRODUCTS_DIR; };
		BECA1C5D255095310019087C /* milestone_project_3UITests.swift */ = {isa = PBXFileReference; lastKnownFileType = sourcecode.swift; path = milestone_project_3UITests.swift; sourceTree = "<group>"; };
		BECA1C5F255095310019087C /* Info.plist */ = {isa = PBXFileReference; lastKnownFileType = text.plist.xml; path = Info.plist; sourceTree = "<group>"; };
		BECA1C6B255096100019087C /* words.txt */ = {isa = PBXFileReference; fileEncoding = 4; lastKnownFileType = text; path = words.txt; sourceTree = "<group>"; };
/* End PBXFileReference section */

/* Begin PBXFrameworksBuildPhase section */
		BECA1C352550952B0019087C /* Frameworks */ = {
			isa = PBXFrameworksBuildPhase;
			buildActionMask = 2147483647;
			files = (
			);
			runOnlyForDeploymentPostprocessing = 0;
		};
		BECA1C4B255095310019087C /* Frameworks */ = {
			isa = PBXFrameworksBuildPhase;
			buildActionMask = 2147483647;
			files = (
			);
			runOnlyForDeploymentPostprocessing = 0;
		};
		BECA1C56255095310019087C /* Frameworks */ = {
			isa = PBXFrameworksBuildPhase;
			buildActionMask = 2147483647;
			files = (
			);
			runOnlyForDeploymentPostprocessing = 0;
		};
/* End PBXFrameworksBuildPhase section */

/* Begin PBXGroup section */
		BECA1C2F2550952B0019087C = {
			isa = PBXGroup;
			children = (
				BECA1C3A2550952B0019087C /* milestone_project_3 */,
				BECA1C51255095310019087C /* milestone_project_3Tests */,
				BECA1C5C255095310019087C /* milestone_project_3UITests */,
				BECA1C392550952B0019087C /* Products */,
			);
			sourceTree = "<group>";
		};
		BECA1C392550952B0019087C /* Products */ = {
			isa = PBXGroup;
			children = (
				BECA1C382550952B0019087C /* milestone_project_3.app */,
				BECA1C4E255095310019087C /* milestone_project_3Tests.xctest */,
				BECA1C59255095310019087C /* milestone_project_3UITests.xctest */,
			);
			name = Products;
			sourceTree = "<group>";
		};
		BECA1C3A2550952B0019087C /* milestone_project_3 */ = {
			isa = PBXGroup;
			children = (
				BECA1C3B2550952B0019087C /* AppDelegate.swift */,
				BECA1C3D2550952B0019087C /* SceneDelegate.swift */,
				BECA1C3F2550952B0019087C /* ViewController.swift */,
				BECA1C44255095310019087C /* Assets.xcassets */,
				BECA1C46255095310019087C /* LaunchScreen.storyboard */,
				BECA1C6B255096100019087C /* words.txt */,
				BECA1C49255095310019087C /* Info.plist */,
			);
			path = milestone_project_3;
			sourceTree = "<group>";
		};
		BECA1C51255095310019087C /* milestone_project_3Tests */ = {
			isa = PBXGroup;
			children = (
				BECA1C52255095310019087C /* milestone_project_3Tests.swift */,
				BECA1C54255095310019087C /* Info.plist */,
			);
			path = milestone_project_3Tests;
			sourceTree = "<group>";
		};
		BECA1C5C255095310019087C /* milestone_project_3UITests */ = {
			isa = PBXGroup;
			children = (
				BECA1C5D255095310019087C /* milestone_project_3UITests.swift */,
				BECA1C5F255095310019087C /* Info.plist */,
			);
			path = milestone_project_3UITests;
			sourceTree = "<group>";
		};
/* End PBXGroup section */

/* Begin PBXNativeTarget section */
		BECA1C372550952B0019087C /* milestone_project_3 */ = {
			isa = PBXNativeTarget;
			buildConfigurationList = BECA1C62255095310019087C /* Build configuration list for PBXNativeTarget "milestone_project_3" */;
			buildPhases = (
				BECA1C342550952B0019087C /* Sources */,
				BECA1C352550952B0019087C /* Frameworks */,
				BECA1C362550952B0019087C /* Resources */,
			);
			buildRules = (
			);
			dependencies = (
			);
			name = milestone_project_3;
			productName = milestone_project_3;
			productReference = BECA1C382550952B0019087C /* milestone_project_3.app */;
			productType = "com.apple.product-type.application";
		};
		BECA1C4D255095310019087C /* milestone_project_3Tests */ = {
			isa = PBXNativeTarget;
			buildConfigurationList = BECA1C65255095310019087C /* Build configuration list for PBXNativeTarget "milestone_project_3Tests" */;
			buildPhases = (
				BECA1C4A255095310019087C /* Sources */,
				BECA1C4B255095310019087C /* Frameworks */,
				BECA1C4C255095310019087C /* Resources */,
			);
			buildRules = (
			);
			dependencies = (
				BECA1C50255095310019087C /* PBXTargetDependency */,
			);
			name = milestone_project_3Tests;
			productName = milestone_project_3Tests;
			productReference = BECA1C4E255095310019087C /* milestone_project_3Tests.xctest */;
			productType = "com.apple.product-type.bundle.unit-test";
		};
		BECA1C58255095310019087C /* milestone_project_3UITests */ = {
			isa = PBXNativeTarget;
			buildConfigurationList = BECA1C68255095310019087C /* Build configuration list for PBXNativeTarget "milestone_project_3UITests" */;
			buildPhases = (
				BECA1C55255095310019087C /* Sources */,
				BECA1C56255095310019087C /* Frameworks */,
				BECA1C57255095310019087C /* Resources */,
			);
			buildRules = (
			);
			dependencies = (
				BECA1C5B255095310019087C /* PBXTargetDependency */,
			);
			name = milestone_project_3UITests;
			productName = milestone_project_3UITests;
			productReference = BECA1C59255095310019087C /* milestone_project_3UITests.xctest */;
			productType = "com.apple.product-type.bundle.ui-testing";
		};
/* End PBXNativeTarget section */

/* Begin PBXProject section */
		BECA1C302550952B0019087C /* Project object */ = {
			isa = PBXProject;
			attributes = {
				LastSwiftUpdateCheck = 1130;
				LastUpgradeCheck = 1130;
				ORGANIZATIONNAME = "Desmarais, Jax";
				TargetAttributes = {
					BECA1C372550952B0019087C = {
						CreatedOnToolsVersion = 11.3;
					};
					BECA1C4D255095310019087C = {
						CreatedOnToolsVersion = 11.3;
						TestTargetID = BECA1C372550952B0019087C;
					};
					BECA1C58255095310019087C = {
						CreatedOnToolsVersion = 11.3;
						TestTargetID = BECA1C372550952B0019087C;
					};
				};
			};
			buildConfigurationList = BECA1C332550952B0019087C /* Build configuration list for PBXProject "milestone_project_3" */;
			compatibilityVersion = "Xcode 9.3";
			developmentRegion = en;
			hasScannedForEncodings = 0;
			knownRegions = (
				en,
				Base,
			);
			mainGroup = BECA1C2F2550952B0019087C;
			productRefGroup = BECA1C392550952B0019087C /* Products */;
			projectDirPath = "";
			projectRoot = "";
			targets = (
				BECA1C372550952B0019087C /* milestone_project_3 */,
				BECA1C4D255095310019087C /* milestone_project_3Tests */,
				BECA1C58255095310019087C /* milestone_project_3UITests */,
			);
		};
/* End PBXProject section */

/* Begin PBXResourcesBuildPhase section */
		BECA1C362550952B0019087C /* Resources */ = {
			isa = PBXResourcesBuildPhase;
			buildActionMask = 2147483647;
			files = (
				BECA1C48255095310019087C /* LaunchScreen.storyboard in Resources */,
				BECA1C45255095310019087C /* Assets.xcassets in Resources */,
				BECA1C6C255096100019087C /* words.txt in Resources */,
			);
			runOnlyForDeploymentPostprocessing = 0;
		};
		BECA1C4C255095310019087C /* Resources */ = {
			isa = PBXResourcesBuildPhase;
			buildActionMask = 2147483647;
			files = (
			);
			runOnlyForDeploymentPostprocessing = 0;
		};
		BECA1C57255095310019087C /* Resources */ = {
			isa = PBXResourcesBuildPhase;
			buildActionMask = 2147483647;
			files = (
			);
			runOnlyForDeploymentPostprocessing = 0;
		};
/* End PBXResourcesBuildPhase section */

/* Begin PBXSourcesBuildPhase section */
		BECA1C342550952B0019087C /* Sources */ = {
			isa = PBXSourcesBuildPhase;
			buildActionMask = 2147483647;
			files = (
				BECA1C402550952B0019087C /* ViewController.swift in Sources */,
				BECA1C3C2550952B0019087C /* AppDelegate.swift in Sources */,
				BECA1C3E2550952B0019087C /* SceneDelegate.swift in Sources */,
			);
			runOnlyForDeploymentPostprocessing = 0;
		};
		BECA1C4A255095310019087C /* Sources */ = {
			isa = PBXSourcesBuildPhase;
			buildActionMask = 2147483647;
			files = (
				BECA1C53255095310019087C /* milestone_project_3Tests.swift in Sources */,
			);
			runOnlyForDeploymentPostprocessing = 0;
		};
		BECA1C55255095310019087C /* Sources */ = {
			isa = PBXSourcesBuildPhase;
			buildActionMask = 2147483647;
			files = (
				BECA1C5E255095310019087C /* milestone_project_3UITests.swift in Sources */,
			);
			runOnlyForDeploymentPostprocessing = 0;
		};
/* End PBXSourcesBuildPhase section */

/* Begin PBXTargetDependency section */
		BECA1C50255095310019087C /* PBXTargetDependency */ = {
			isa = PBXTargetDependency;
			target = BECA1C372550952B0019087C /* milestone_project_3 */;
			targetProxy = BECA1C4F255095310019087C /* PBXContainerItemProxy */;
		};
		BECA1C5B255095310019087C /* PBXTargetDependency */ = {
			isa = PBXTargetDependency;
			target = BECA1C372550952B0019087C /* milestone_project_3 */;
			targetProxy = BECA1C5A255095310019087C /* PBXContainerItemProxy */;
		};
/* End PBXTargetDependency section */

/* Begin PBXVariantGroup section */
		BECA1C46255095310019087C /* LaunchScreen.storyboard */ = {
			isa = PBXVariantGroup;
			children = (
				BECA1C47255095310019087C /* Base */,
			);
			name = LaunchScreen.storyboard;
			sourceTree = "<group>";
		};
/* End PBXVariantGroup section */

/* Begin XCBuildConfiguration section */
		BECA1C60255095310019087C /* Debug */ = {
			isa = XCBuildConfiguration;
			buildSettings = {
				ALWAYS_SEARCH_USER_PATHS = NO;
				CLANG_ANALYZER_NONNULL = YES;
				CLANG_ANALYZER_NUMBER_OBJECT_CONVERSION = YES_AGGRESSIVE;
				CLANG_CXX_LANGUAGE_STANDARD = "gnu++14";
				CLANG_CXX_LIBRARY = "libc++";
				CLANG_ENABLE_MODULES = YES;
				CLANG_ENABLE_OBJC_ARC = YES;
				CLANG_ENABLE_OBJC_WEAK = YES;
				CLANG_WARN_BLOCK_CAPTURE_AUTORELEASING = YES;
				CLANG_WARN_BOOL_CONVERSION = YES;
				CLANG_WARN_COMMA = YES;
				CLANG_WARN_CONSTANT_CONVERSION = YES;
				CLANG_WARN_DEPRECATED_OBJC_IMPLEMENTATIONS = YES;
				CLANG_WARN_DIRECT_OBJC_ISA_USAGE = YES_ERROR;
				CLANG_WARN_DOCUMENTATION_COMMENTS = YES;
				CLANG_WARN_EMPTY_BODY = YES;
				CLANG_WARN_ENUM_CONVERSION = YES;
				CLANG_WARN_INFINITE_RECURSION = YES;
				CLANG_WARN_INT_CONVERSION = YES;
				CLANG_WARN_NON_LITERAL_NULL_CONVERSION = YES;
				CLANG_WARN_OBJC_IMPLICIT_RETAIN_SELF = YES;
				CLANG_WARN_OBJC_LITERAL_CONVERSION = YES;
				CLANG_WARN_OBJC_ROOT_CLASS = YES_ERROR;
				CLANG_WARN_RANGE_LOOP_ANALYSIS = YES;
				CLANG_WARN_STRICT_PROTOTYPES = YES;
				CLANG_WARN_SUSPICIOUS_MOVE = YES;
				CLANG_WARN_UNGUARDED_AVAILABILITY = YES_AGGRESSIVE;
				CLANG_WARN_UNREACHABLE_CODE = YES;
				CLANG_WARN__DUPLICATE_METHOD_MATCH = YES;
				COPY_PHASE_STRIP = NO;
				DEBUG_INFORMATION_FORMAT = dwarf;
				ENABLE_STRICT_OBJC_MSGSEND = YES;
				ENABLE_TESTABILITY = YES;
				GCC_C_LANGUAGE_STANDARD = gnu11;
				GCC_DYNAMIC_NO_PIC = NO;
				GCC_NO_COMMON_BLOCKS = YES;
				GCC_OPTIMIZATION_LEVEL = 0;
				GCC_PREPROCESSOR_DEFINITIONS = (
					"DEBUG=1",
					"$(inherited)",
				);
				GCC_WARN_64_TO_32_BIT_CONVERSION = YES;
				GCC_WARN_ABOUT_RETURN_TYPE = YES_ERROR;
				GCC_WARN_UNDECLARED_SELECTOR = YES;
				GCC_WARN_UNINITIALIZED_AUTOS = YES_AGGRESSIVE;
				GCC_WARN_UNUSED_FUNCTION = YES;
				GCC_WARN_UNUSED_VARIABLE = YES;
				IPHONEOS_DEPLOYMENT_TARGET = 13.2;
				MTL_ENABLE_DEBUG_INFO = INCLUDE_SOURCE;
				MTL_FAST_MATH = YES;
				ONLY_ACTIVE_ARCH = YES;
				SDKROOT = iphoneos;
				SWIFT_ACTIVE_COMPILATION_CONDITIONS = DEBUG;
				SWIFT_OPTIMIZATION_LEVEL = "-Onone";
			};
			name = Debug;
		};
		BECA1C61255095310019087C /* Release */ = {
			isa = XCBuildConfiguration;
			buildSettings = {
				ALWAYS_SEARCH_USER_PATHS = NO;
				CLANG_ANALYZER_NONNULL = YES;
				CLANG_ANALYZER_NUMBER_OBJECT_CONVERSION = YES_AGGRESSIVE;
				CLANG_CXX_LANGUAGE_STANDARD = "gnu++14";
				CLANG_CXX_LIBRARY = "libc++";
				CLANG_ENABLE_MODULES = YES;
				CLANG_ENABLE_OBJC_ARC = YES;
				CLANG_ENABLE_OBJC_WEAK = YES;
				CLANG_WARN_BLOCK_CAPTURE_AUTORELEASING = YES;
				CLANG_WARN_BOOL_CONVERSION = YES;
				CLANG_WARN_COMMA = YES;
				CLANG_WARN_CONSTANT_CONVERSION = YES;
				CLANG_WARN_DEPRECATED_OBJC_IMPLEMENTATIONS = YES;
				CLANG_WARN_DIRECT_OBJC_ISA_USAGE = YES_ERROR;
				CLANG_WARN_DOCUMENTATION_COMMENTS = YES;
				CLANG_WARN_EMPTY_BODY = YES;
				CLANG_WARN_ENUM_CONVERSION = YES;
				CLANG_WARN_INFINITE_RECURSION = YES;
				CLANG_WARN_INT_CONVERSION = YES;
				CLANG_WARN_NON_LITERAL_NULL_CONVERSION = YES;
				CLANG_WARN_OBJC_IMPLICIT_RETAIN_SELF = YES;
				CLANG_WARN_OBJC_LITERAL_CONVERSION = YES;
				CLANG_WARN_OBJC_ROOT_CLASS = YES_ERROR;
				CLANG_WARN_RANGE_LOOP_ANALYSIS = YES;
				CLANG_WARN_STRICT_PROTOTYPES = YES;
				CLANG_WARN_SUSPICIOUS_MOVE = YES;
				CLANG_WARN_UNGUARDED_AVAILABILITY = YES_AGGRESSIVE;
				CLANG_WARN_UNREACHABLE_CODE = YES;
				CLANG_WARN__DUPLICATE_METHOD_MATCH = YES;
				COPY_PHASE_STRIP = NO;
				DEBUG_INFORMATION_FORMAT = "dwarf-with-dsym";
				ENABLE_NS_ASSERTIONS = NO;
				ENABLE_STRICT_OBJC_MSGSEND = YES;
				GCC_C_LANGUAGE_STANDARD = gnu11;
				GCC_NO_COMMON_BLOCKS = YES;
				GCC_WARN_64_TO_32_BIT_CONVERSION = YES;
				GCC_WARN_ABOUT_RETURN_TYPE = YES_ERROR;
				GCC_WARN_UNDECLARED_SELECTOR = YES;
				GCC_WARN_UNINITIALIZED_AUTOS = YES_AGGRESSIVE;
				GCC_WARN_UNUSED_FUNCTION = YES;
				GCC_WARN_UNUSED_VARIABLE = YES;
				IPHONEOS_DEPLOYMENT_TARGET = 13.2;
				MTL_ENABLE_DEBUG_INFO = NO;
				MTL_FAST_MATH = YES;
				SDKROOT = iphoneos;
				SWIFT_COMPILATION_MODE = wholemodule;
				SWIFT_OPTIMIZATION_LEVEL = "-O";
				VALIDATE_PRODUCT = YES;
			};
			name = Release;
		};
		BECA1C63255095310019087C /* Debug */ = {
			isa = XCBuildConfiguration;
			buildSettings = {
				ASSETCATALOG_COMPILER_APPICON_NAME = AppIcon;
				CODE_SIGN_STYLE = Automatic;
				INFOPLIST_FILE = milestone_project_3/Info.plist;
				LD_RUNPATH_SEARCH_PATHS = (
					"$(inherited)",
					"@executable_path/Frameworks",
				);
				PRODUCT_BUNDLE_IDENTIFIER = "com.jax.milestone-project-3";
				PRODUCT_NAME = "$(TARGET_NAME)";
				SWIFT_VERSION = 5.0;
				TARGETED_DEVICE_FAMILY = 1;
			};
			name = Debug;
		};
		BECA1C64255095310019087C /* Release */ = {
			isa = XCBuildConfiguration;
			buildSettings = {
				ASSETCATALOG_COMPILER_APPICON_NAME = AppIcon;
				CODE_SIGN_STYLE = Automatic;
				INFOPLIST_FILE = milestone_project_3/Info.plist;
				LD_RUNPATH_SEARCH_PATHS = (
					"$(inherited)",
					"@executable_path/Frameworks",
				);
				PRODUCT_BUNDLE_IDENTIFIER = "com.jax.milestone-project-3";
				PRODUCT_NAME = "$(TARGET_NAME)";
				SWIFT_VERSION = 5.0;
				TARGETED_DEVICE_FAMILY = 1;
			};
			name = Release;
		};
		BECA1C66255095310019087C /* Debug */ = {
			isa = XCBuildConfiguration;
			buildSettings = {
				ALWAYS_EMBED_SWIFT_STANDARD_LIBRARIES = YES;
				BUNDLE_LOADER = "$(TEST_HOST)";
				CODE_SIGN_STYLE = Automatic;
				INFOPLIST_FILE = milestone_project_3Tests/Info.plist;
				IPHONEOS_DEPLOYMENT_TARGET = 13.2;
				LD_RUNPATH_SEARCH_PATHS = (
					"$(inherited)",
					"@executable_path/Frameworks",
					"@loader_path/Frameworks",
				);
				PRODUCT_BUNDLE_IDENTIFIER = "com.jax.milestone-project-3Tests";
				PRODUCT_NAME = "$(TARGET_NAME)";
				SWIFT_VERSION = 5.0;
				TARGETED_DEVICE_FAMILY = "1,2";
				TEST_HOST = "$(BUILT_PRODUCTS_DIR)/milestone_project_3.app/milestone_project_3";
			};
			name = Debug;
		};
		BECA1C67255095310019087C /* Release */ = {
			isa = XCBuildConfiguration;
			buildSettings = {
				ALWAYS_EMBED_SWIFT_STANDARD_LIBRARIES = YES;
				BUNDLE_LOADER = "$(TEST_HOST)";
				CODE_SIGN_STYLE = Automatic;
				INFOPLIST_FILE = milestone_project_3Tests/Info.plist;
				IPHONEOS_DEPLOYMENT_TARGET = 13.2;
				LD_RUNPATH_SEARCH_PATHS = (
					"$(inherited)",
					"@executable_path/Frameworks",
					"@loader_path/Frameworks",
				);
				PRODUCT_BUNDLE_IDENTIFIER = "com.jax.milestone-project-3Tests";
				PRODUCT_NAME = "$(TARGET_NAME)";
				SWIFT_VERSION = 5.0;
				TARGETED_DEVICE_FAMILY = "1,2";
				TEST_HOST = "$(BUILT_PRODUCTS_DIR)/milestone_project_3.app/milestone_project_3";
			};
			name = Release;
		};
		BECA1C69255095310019087C /* Debug */ = {
			isa = XCBuildConfiguration;
			buildSettings = {
				ALWAYS_EMBED_SWIFT_STANDARD_LIBRARIES = YES;
				CODE_SIGN_STYLE = Automatic;
				INFOPLIST_FILE = milestone_project_3UITests/Info.plist;
				LD_RUNPATH_SEARCH_PATHS = (
					"$(inherited)",
					"@executable_path/Frameworks",
					"@loader_path/Frameworks",
				);
				PRODUCT_BUNDLE_IDENTIFIER = "com.jax.milestone-project-3UITests";
				PRODUCT_NAME = "$(TARGET_NAME)";
				SWIFT_VERSION = 5.0;
				TARGETED_DEVICE_FAMILY = "1,2";
				TEST_TARGET_NAME = milestone_project_3;
			};
			name = Debug;
		};
		BECA1C6A255095310019087C /* Release */ = {
			isa = XCBuildConfiguration;
			buildSettings = {
				ALWAYS_EMBED_SWIFT_STANDARD_LIBRARIES = YES;
				CODE_SIGN_STYLE = Automatic;
				INFOPLIST_FILE = milestone_project_3UITests/Info.plist;
				LD_RUNPATH_SEARCH_PATHS = (
					"$(inherited)",
					"@executable_path/Frameworks",
					"@loader_path/Frameworks",
				);
				PRODUCT_BUNDLE_IDENTIFIER = "com.jax.milestone-project-3UITests";
				PRODUCT_NAME = "$(TARGET_NAME)";
				SWIFT_VERSION = 5.0;
				TARGETED_DEVICE_FAMILY = "1,2";
				TEST_TARGET_NAME = milestone_project_3;
			};
			name = Release;
		};
/* End XCBuildConfiguration section */

/* Begin XCConfigurationList section */
		BECA1C332550952B0019087C /* Build configuration list for PBXProject "milestone_project_3" */ = {
			isa = XCConfigurationList;
			buildConfigurations = (
				BECA1C60255095310019087C /* Debug */,
				BECA1C61255095310019087C /* Release */,
			);
			defaultConfigurationIsVisible = 0;
			defaultConfigurationName = Release;
		};
		BECA1C62255095310019087C /* Build configuration list for PBXNativeTarget "milestone_project_3" */ = {
			isa = XCConfigurationList;
			buildConfigurations = (
				BECA1C63255095310019087C /* Debug */,
				BECA1C64255095310019087C /* Release */,
			);
			defaultConfigurationIsVisible = 0;
			defaultConfigurationName = Release;
		};
		BECA1C65255095310019087C /* Build configuration list for PBXNativeTarget "milestone_project_3Tests" */ = {
			isa = XCConfigurationList;
			buildConfigurations = (
				BECA1C66255095310019087C /* Debug */,
				BECA1C67255095310019087C /* Release */,
			);
			defaultConfigurationIsVisible = 0;
			defaultConfigurationName = Release;
		};
		BECA1C68255095310019087C /* Build configuration list for PBXNativeTarget "milestone_project_3UITests" */ = {
			isa = XCConfigurationList;
			buildConfigurations = (
				BECA1C69255095310019087C /* Debug */,
				BECA1C6A255095310019087C /* Release */,
			);
			defaultConfigurationIsVisible = 0;
			defaultConfigurationName = Release;
		};
/* End XCConfigurationList section */
	};
	rootObject = BECA1C302550952B0019087C /* Project object */;
}
