// !$*UTF8*$!
{
	archiveVersion = 1;
	classes = {
	};
	objectVersion = 50;
	objects = {

/* Begin PBXBuildFile section */
		BED38E0324FD725900288D6E /* AppDelegate.swift in Sources */ = {isa = PBXBuildFile; fileRef = BED38E0224FD725900288D6E /* AppDelegate.swift */; };
		BED38E0524FD725900288D6E /* SceneDelegate.swift in Sources */ = {isa = PBXBuildFile; fileRef = BED38E0424FD725900288D6E /* SceneDelegate.swift */; };
		BED38E0724FD725900288D6E /* ViewController.swift in Sources */ = {isa = PBXBuildFile; fileRef = BED38E0624FD725900288D6E /* ViewController.swift */; };
		BED38E0C24FD725A00288D6E /* Assets.xcassets in Resources */ = {isa = PBXBuildFile; fileRef = BED38E0B24FD725A00288D6E /* Assets.xcassets */; };
		BED38E0F24FD725A00288D6E /* LaunchScreen.storyboard in Resources */ = {isa = PBXBuildFile; fileRef = BED38E0D24FD725A00288D6E /* LaunchScreen.storyboard */; };
		BED38E1724FD740D00288D6E /* start.txt in Resources */ = {isa = PBXBuildFile; fileRef = BED38E1624FD740D00288D6E /* start.txt */; };
/* End PBXBuildFile section */

/* Begin PBXFileReference section */
		BED38DFF24FD725900288D6E /* project5_100_days_of_code.app */ = {isa = PBXFileReference; explicitFileType = wrapper.application; includeInIndex = 0; path = project5_100_days_of_code.app; sourceTree = BUILT_PRODUCTS_DIR; };
		BED38E0224FD725900288D6E /* AppDelegate.swift */ = {isa = PBXFileReference; lastKnownFileType = sourcecode.swift; path = AppDelegate.swift; sourceTree = "<group>"; };
		BED38E0424FD725900288D6E /* SceneDelegate.swift */ = {isa = PBXFileReference; lastKnownFileType = sourcecode.swift; path = SceneDelegate.swift; sourceTree = "<group>"; };
		BED38E0624FD725900288D6E /* ViewController.swift */ = {isa = PBXFileReference; lastKnownFileType = sourcecode.swift; path = ViewController.swift; sourceTree = "<group>"; };
		BED38E0B24FD725A00288D6E /* Assets.xcassets */ = {isa = PBXFileReference; lastKnownFileType = folder.assetcatalog; path = Assets.xcassets; sourceTree = "<group>"; };
		BED38E0E24FD725A00288D6E /* Base */ = {isa = PBXFileReference; lastKnownFileType = file.storyboard; name = Base; path = Base.lproj/LaunchScreen.storyboard; sourceTree = "<group>"; };
		BED38E1024FD725A00288D6E /* Info.plist */ = {isa = PBXFileReference; lastKnownFileType = text.plist.xml; path = Info.plist; sourceTree = "<group>"; };
		BED38E1624FD740D00288D6E /* start.txt */ = {isa = PBXFileReference; fileEncoding = 4; lastKnownFileType = text; path = start.txt; sourceTree = "<group>"; };
/* End PBXFileReference section */

/* Begin PBXFrameworksBuildPhase section */
		BED38DFC24FD725900288D6E /* Frameworks */ = {
			isa = PBXFrameworksBuildPhase;
			buildActionMask = 2147483647;
			files = (
			);
			runOnlyForDeploymentPostprocessing = 0;
		};
/* End PBXFrameworksBuildPhase section */

/* Begin PBXGroup section */
		BED38DF624FD725900288D6E = {
			isa = PBXGroup;
			children = (
				BED38E0124FD725900288D6E /* project5_100_days_of_code */,
				BED38E0024FD725900288D6E /* Products */,
			);
			sourceTree = "<group>";
		};
		BED38E0024FD725900288D6E /* Products */ = {
			isa = PBXGroup;
			children = (
				BED38DFF24FD725900288D6E /* project5_100_days_of_code.app */,
			);
			name = Products;
			sourceTree = "<group>";
		};
		BED38E0124FD725900288D6E /* project5_100_days_of_code */ = {
			isa = PBXGroup;
			children = (
				BED38E0224FD725900288D6E /* AppDelegate.swift */,
				BED38E0424FD725900288D6E /* SceneDelegate.swift */,
				BED38E0624FD725900288D6E /* ViewController.swift */,
				BED38E0B24FD725A00288D6E /* Assets.xcassets */,
				BED38E0D24FD725A00288D6E /* LaunchScreen.storyboard */,
				BED38E1024FD725A00288D6E /* Info.plist */,
				BED38E1624FD740D00288D6E /* start.txt */,
			);
			path = project5_100_days_of_code;
			sourceTree = "<group>";
		};
/* End PBXGroup section */

/* Begin PBXNativeTarget section */
		BED38DFE24FD725900288D6E /* project5_100_days_of_code */ = {
			isa = PBXNativeTarget;
			buildConfigurationList = BED38E1324FD725A00288D6E /* Build configuration list for PBXNativeTarget "project5_100_days_of_code" */;
			buildPhases = (
				BED38DFB24FD725900288D6E /* Sources */,
				BED38DFC24FD725900288D6E /* Frameworks */,
				BED38DFD24FD725900288D6E /* Resources */,
			);
			buildRules = (
			);
			dependencies = (
			);
			name = project5_100_days_of_code;
			productName = project5_100_days_of_code;
			productReference = BED38DFF24FD725900288D6E /* project5_100_days_of_code.app */;
			productType = "com.apple.product-type.application";
		};
/* End PBXNativeTarget section */

/* Begin PBXProject section */
		BED38DF724FD725900288D6E /* Project object */ = {
			isa = PBXProject;
			attributes = {
				LastSwiftUpdateCheck = 1130;
				LastUpgradeCheck = 1130;
				ORGANIZATIONNAME = "Desmarais, Jax";
				TargetAttributes = {
					BED38DFE24FD725900288D6E = {
						CreatedOnToolsVersion = 11.3;
					};
				};
			};
			buildConfigurationList = BED38DFA24FD725900288D6E /* Build configuration list for PBXProject "project5_100_days_of_code" */;
			compatibilityVersion = "Xcode 9.3";
			developmentRegion = en;
			hasScannedForEncodings = 0;
			knownRegions = (
				en,
				Base,
			);
			mainGroup = BED38DF624FD725900288D6E;
			productRefGroup = BED38E0024FD725900288D6E /* Products */;
			projectDirPath = "";
			projectRoot = "";
			targets = (
				BED38DFE24FD725900288D6E /* project5_100_days_of_code */,
			);
		};
/* End PBXProject section */

/* Begin PBXResourcesBuildPhase section */
		BED38DFD24FD725900288D6E /* Resources */ = {
			isa = PBXResourcesBuildPhase;
			buildActionMask = 2147483647;
			files = (
				BED38E0F24FD725A00288D6E /* LaunchScreen.storyboard in Resources */,
				BED38E1724FD740D00288D6E /* start.txt in Resources */,
				BED38E0C24FD725A00288D6E /* Assets.xcassets in Resources */,
			);
			runOnlyForDeploymentPostprocessing = 0;
		};
/* End PBXResourcesBuildPhase section */

/* Begin PBXSourcesBuildPhase section */
		BED38DFB24FD725900288D6E /* Sources */ = {
			isa = PBXSourcesBuildPhase;
			buildActionMask = 2147483647;
			files = (
				BED38E0724FD725900288D6E /* ViewController.swift in Sources */,
				BED38E0324FD725900288D6E /* AppDelegate.swift in Sources */,
				BED38E0524FD725900288D6E /* SceneDelegate.swift in Sources */,
			);
			runOnlyForDeploymentPostprocessing = 0;
		};
/* End PBXSourcesBuildPhase section */

/* Begin PBXVariantGroup section */
		BED38E0D24FD725A00288D6E /* LaunchScreen.storyboard */ = {
			isa = PBXVariantGroup;
			children = (
				BED38E0E24FD725A00288D6E /* Base */,
			);
			name = LaunchScreen.storyboard;
			sourceTree = "<group>";
		};
/* End PBXVariantGroup section */

/* Begin XCBuildConfiguration section */
		BED38E1124FD725A00288D6E /* Debug */ = {
			isa = XCBuildConfiguration;
			buildSettings = {
				ALWAYS_SEARCH_USER_PATHS = NO;
				CLANG_ANALYZER_NONNULL = YES;
				CLANG_ANALYZER_NUMBER_OBJECT_CONVERSION = YES_AGGRESSIVE;
				CLANG_CXX_LANGUAGE_STANDARD = "gnu++14";
				CLANG_CXX_LIBRARY = "libc++";
				CLANG_ENABLE_MODULES = YES;
				CLANG_ENABLE_OBJC_ARC = YES;
				CLANG_ENABLE_OBJC_WEAK = YES;
				CLANG_WARN_BLOCK_CAPTURE_AUTORELEASING = YES;
				CLANG_WARN_BOOL_CONVERSION = YES;
				CLANG_WARN_COMMA = YES;
				CLANG_WARN_CONSTANT_CONVERSION = YES;
				CLANG_WARN_DEPRECATED_OBJC_IMPLEMENTATIONS = YES;
				CLANG_WARN_DIRECT_OBJC_ISA_USAGE = YES_ERROR;
				CLANG_WARN_DOCUMENTATION_COMMENTS = YES;
				CLANG_WARN_EMPTY_BODY = YES;
				CLANG_WARN_ENUM_CONVERSION = YES;
				CLANG_WARN_INFINITE_RECURSION = YES;
				CLANG_WARN_INT_CONVERSION = YES;
				CLANG_WARN_NON_LITERAL_NULL_CONVERSION = YES;
				CLANG_WARN_OBJC_IMPLICIT_RETAIN_SELF = YES;
				CLANG_WARN_OBJC_LITERAL_CONVERSION = YES;
				CLANG_WARN_OBJC_ROOT_CLASS = YES_ERROR;
				CLANG_WARN_RANGE_LOOP_ANALYSIS = YES;
				CLANG_WARN_STRICT_PROTOTYPES = YES;
				CLANG_WARN_SUSPICIOUS_MOVE = YES;
				CLANG_WARN_UNGUARDED_AVAILABILITY = YES_AGGRESSIVE;
				CLANG_WARN_UNREACHABLE_CODE = YES;
				CLANG_WARN__DUPLICATE_METHOD_MATCH = YES;
				COPY_PHASE_STRIP = NO;
				DEBUG_INFORMATION_FORMAT = dwarf;
				ENABLE_STRICT_OBJC_MSGSEND = YES;
				ENABLE_TESTABILITY = YES;
				GCC_C_LANGUAGE_STANDARD = gnu11;
				GCC_DYNAMIC_NO_PIC = NO;
				GCC_NO_COMMON_BLOCKS = YES;
				GCC_OPTIMIZATION_LEVEL = 0;
				GCC_PREPROCESSOR_DEFINITIONS = (
					"DEBUG=1",
					"$(inherited)",
				);
				GCC_WARN_64_TO_32_BIT_CONVERSION = YES;
				GCC_WARN_ABOUT_RETURN_TYPE = YES_ERROR;
				GCC_WARN_UNDECLARED_SELECTOR = YES;
				GCC_WARN_UNINITIALIZED_AUTOS = YES_AGGRESSIVE;
				GCC_WARN_UNUSED_FUNCTION = YES;
				GCC_WARN_UNUSED_VARIABLE = YES;
				IPHONEOS_DEPLOYMENT_TARGET = 13.2;
				MTL_ENABLE_DEBUG_INFO = INCLUDE_SOURCE;
				MTL_FAST_MATH = YES;
				ONLY_ACTIVE_ARCH = YES;
				SDKROOT = iphoneos;
				SWIFT_ACTIVE_COMPILATION_CONDITIONS = DEBUG;
				SWIFT_OPTIMIZATION_LEVEL = "-Onone";
			};
			name = Debug;
		};
		BED38E1224FD725A00288D6E /* Release */ = {
			isa = XCBuildConfiguration;
			buildSettings = {
				ALWAYS_SEARCH_USER_PATHS = NO;
				CLANG_ANALYZER_NONNULL = YES;
				CLANG_ANALYZER_NUMBER_OBJECT_CONVERSION = YES_AGGRESSIVE;
				CLANG_CXX_LANGUAGE_STANDARD = "gnu++14";
				CLANG_CXX_LIBRARY = "libc++";
				CLANG_ENABLE_MODULES = YES;
				CLANG_ENABLE_OBJC_ARC = YES;
				CLANG_ENABLE_OBJC_WEAK = YES;
				CLANG_WARN_BLOCK_CAPTURE_AUTORELEASING = YES;
				CLANG_WARN_BOOL_CONVERSION = YES;
				CLANG_WARN_COMMA = YES;
				CLANG_WARN_CONSTANT_CONVERSION = YES;
				CLANG_WARN_DEPRECATED_OBJC_IMPLEMENTATIONS = YES;
				CLANG_WARN_DIRECT_OBJC_ISA_USAGE = YES_ERROR;
				CLANG_WARN_DOCUMENTATION_COMMENTS = YES;
				CLANG_WARN_EMPTY_BODY = YES;
				CLANG_WARN_ENUM_CONVERSION = YES;
				CLANG_WARN_INFINITE_RECURSION = YES;
				CLANG_WARN_INT_CONVERSION = YES;
				CLANG_WARN_NON_LITERAL_NULL_CONVERSION = YES;
				CLANG_WARN_OBJC_IMPLICIT_RETAIN_SELF = YES;
				CLANG_WARN_OBJC_LITERAL_CONVERSION = YES;
				CLANG_WARN_OBJC_ROOT_CLASS = YES_ERROR;
				CLANG_WARN_RANGE_LOOP_ANALYSIS = YES;
				CLANG_WARN_STRICT_PROTOTYPES = YES;
				CLANG_WARN_SUSPICIOUS_MOVE = YES;
				CLANG_WARN_UNGUARDED_AVAILABILITY = YES_AGGRESSIVE;
				CLANG_WARN_UNREACHABLE_CODE = YES;
				CLANG_WARN__DUPLICATE_METHOD_MATCH = YES;
				COPY_PHASE_STRIP = NO;
				DEBUG_INFORMATION_FORMAT = "dwarf-with-dsym";
				ENABLE_NS_ASSERTIONS = NO;
				ENABLE_STRICT_OBJC_MSGSEND = YES;
				GCC_C_LANGUAGE_STANDARD = gnu11;
				GCC_NO_COMMON_BLOCKS = YES;
				GCC_WARN_64_TO_32_BIT_CONVERSION = YES;
				GCC_WARN_ABOUT_RETURN_TYPE = YES_ERROR;
				GCC_WARN_UNDECLARED_SELECTOR = YES;
				GCC_WARN_UNINITIALIZED_AUTOS = YES_AGGRESSIVE;
				GCC_WARN_UNUSED_FUNCTION = YES;
				GCC_WARN_UNUSED_VARIABLE = YES;
				IPHONEOS_DEPLOYMENT_TARGET = 13.2;
				MTL_ENABLE_DEBUG_INFO = NO;
				MTL_FAST_MATH = YES;
				SDKROOT = iphoneos;
				SWIFT_COMPILATION_MODE = wholemodule;
				SWIFT_OPTIMIZATION_LEVEL = "-O";
				VALIDATE_PRODUCT = YES;
			};
			name = Release;
		};
		BED38E1424FD725A00288D6E /* Debug */ = {
			isa = XCBuildConfiguration;
			buildSettings = {
				ASSETCATALOG_COMPILER_APPICON_NAME = AppIcon;
				CODE_SIGN_STYLE = Automatic;
				INFOPLIST_FILE = project5_100_days_of_code/Info.plist;
				LD_RUNPATH_SEARCH_PATHS = (
					"$(inherited)",
					"@executable_path/Frameworks",
				);
				PRODUCT_BUNDLE_IDENTIFIER = "com.jax.project5-100-days-of-code";
				PRODUCT_NAME = "$(TARGET_NAME)";
				SWIFT_VERSION = 5.0;
				TARGETED_DEVICE_FAMILY = "1,2";
			};
			name = Debug;
		};
		BED38E1524FD725A00288D6E /* Release */ = {
			isa = XCBuildConfiguration;
			buildSettings = {
				ASSETCATALOG_COMPILER_APPICON_NAME = AppIcon;
				CODE_SIGN_STYLE = Automatic;
				INFOPLIST_FILE = project5_100_days_of_code/Info.plist;
				LD_RUNPATH_SEARCH_PATHS = (
					"$(inherited)",
					"@executable_path/Frameworks",
				);
				PRODUCT_BUNDLE_IDENTIFIER = "com.jax.project5-100-days-of-code";
				PRODUCT_NAME = "$(TARGET_NAME)";
				SWIFT_VERSION = 5.0;
				TARGETED_DEVICE_FAMILY = "1,2";
			};
			name = Release;
		};
/* End XCBuildConfiguration section */

/* Begin XCConfigurationList section */
		BED38DFA24FD725900288D6E /* Build configuration list for PBXProject "project5_100_days_of_code" */ = {
			isa = XCConfigurationList;
			buildConfigurations = (
				BED38E1124FD725A00288D6E /* Debug */,
				BED38E1224FD725A00288D6E /* Release */,
			);
			defaultConfigurationIsVisible = 0;
			defaultConfigurationName = Release;
		};
		BED38E1324FD725A00288D6E /* Build configuration list for PBXNativeTarget "project5_100_days_of_code" */ = {
			isa = XCConfigurationList;
			buildConfigurations = (
				BED38E1424FD725A00288D6E /* Debug */,
				BED38E1524FD725A00288D6E /* Release */,
			);
			defaultConfigurationIsVisible = 0;
			defaultConfigurationName = Release;
		};
/* End XCConfigurationList section */
	};
	rootObject = BED38DF724FD725900288D6E /* Project object */;
}
